
Microsoft Visual Studio Solution File, Format Version 12.00
# Visual Studio Version 17
VisualStudioVersion = 17.8.34330.188
MinimumVisualStudioVersion = 10.0.40219.1
Project("{2150E333-8FDC-42A3-9474-1A3956D46DE8}") = "FrontEnd", "FrontEnd", "{ED5263D0-0FDD-4575-AC04-76D4DA28E52C}"
EndProject
Project("{2150E333-8FDC-42A3-9474-1A3956D46DE8}") = "Services", "Services", "{7AF82B52-A8BD-47F9-BEA9-84FD375EB405}"
EndProject
Project("{FAE04EC0-301F-11D3-BF4B-00C04F79EFBC}") = "GeekShopping.ProductApi", "GeekShopping.ProductApi\GeekShopping.ProductApi.csproj", "{2CAAED6E-27A1-4187-9D3C-A366ABB87185}"
EndProject
Project("{FAE04EC0-301F-11D3-BF4B-00C04F79EFBC}") = "GeekShopping.Web", "GeekShopping.Web\GeekShopping.Web.csproj", "{D4614B5A-13E5-4600-A674-0A9BB902F06A}"
EndProject
Global
	GlobalSection(SolutionConfigurationPlatforms) = preSolution
		Debug|Any CPU = Debug|Any CPU
		Release|Any CPU = Release|Any CPU
	EndGlobalSection
	GlobalSection(ProjectConfigurationPlatforms) = postSolution
		{2CAAED6E-27A1-4187-9D3C-A366ABB87185}.Debug|Any CPU.ActiveCfg = Debug|Any CPU
		{2CAAED6E-27A1-4187-9D3C-A366ABB87185}.Debug|Any CPU.Build.0 = Debug|Any CPU
		{2CAAED6E-27A1-4187-9D3C-A366ABB87185}.Release|Any CPU.ActiveCfg = Release|Any CPU
		{2CAAED6E-27A1-4187-9D3C-A366ABB87185}.Release|Any CPU.Build.0 = Release|Any CPU
		{D4614B5A-13E5-4600-A674-0A9BB902F06A}.Debug|Any CPU.ActiveCfg = Debug|Any CPU
		{D4614B5A-13E5-4600-A674-0A9BB902F06A}.Debug|Any CPU.Build.0 = Debug|Any CPU
		{D4614B5A-13E5-4600-A674-0A9BB902F06A}.Release|Any CPU.ActiveCfg = Release|Any CPU
		{D4614B5A-13E5-4600-A674-0A9BB902F06A}.Release|Any CPU.Build.0 = Release|Any CPU
	EndGlobalSection
	GlobalSection(SolutionProperties) = preSolution
		HideSolutionNode = FALSE
	EndGlobalSection
	GlobalSection(NestedProjects) = preSolution
		{2CAAED6E-27A1-4187-9D3C-A366ABB87185} = {7AF82B52-A8BD-47F9-BEA9-84FD375EB405}
		{D4614B5A-13E5-4600-A674-0A9BB902F06A} = {ED5263D0-0FDD-4575-AC04-76D4DA28E52C}
	EndGlobalSection
	GlobalSection(ExtensibilityGlobals) = postSolution
		SolutionGuid = {2590D6F8-0B0C-4CCD-AFC8-ABB8B88EB487}
	EndGlobalSection
EndGlobal
